// !$*UTF8*$!
{
	archiveVersion = 1;
	classes = {
	};
	objectVersion = 50;
	objects = {

/* Begin PBXBuildFile section */
		5CE8FED7229EA2A5002AC046 /* AppDelegate.m in Sources */ = {isa = PBXBuildFile; fileRef = 5CE8FED6229EA2A5002AC046 /* AppDelegate.m */; };
		5CE8FED9229EA2A6002AC046 /* Assets.xcassets in Resources */ = {isa = PBXBuildFile; fileRef = 5CE8FED8229EA2A6002AC046 /* Assets.xcassets */; };
		5CE8FEDC229EA2A6002AC046 /* MainMenu.xib in Resources */ = {isa = PBXBuildFile; fileRef = 5CE8FEDA229EA2A6002AC046 /* MainMenu.xib */; };
		5CE8FEDF229EA2A6002AC046 /* main.m in Sources */ = {isa = PBXBuildFile; fileRef = 5CE8FEDE229EA2A6002AC046 /* main.m */; };
		5CE8FEEB229F9EC7002AC046 /* StatusBar.png in Resources */ = {isa = PBXBuildFile; fileRef = 5CE8FEEA229F9EC7002AC046 /* StatusBar.png */; };
/* End PBXBuildFile section */

/* Begin PBXFileReference section */
		5CE8FED2229EA2A5002AC046 /* SimFolder.app */ = {isa = PBXFileReference; explicitFileType = wrapper.application; includeInIndex = 0; path = SimFolder.app; sourceTree = BUILT_PRODUCTS_DIR; };
		5CE8FED5229EA2A5002AC046 /* AppDelegate.h */ = {isa = PBXFileReference; lastKnownFileType = sourcecode.c.h; path = AppDelegate.h; sourceTree = "<group>"; };
		5CE8FED6229EA2A5002AC046 /* AppDelegate.m */ = {isa = PBXFileReference; lastKnownFileType = sourcecode.c.objc; path = AppDelegate.m; sourceTree = "<group>"; };
		5CE8FED8229EA2A6002AC046 /* Assets.xcassets */ = {isa = PBXFileReference; lastKnownFileType = folder.assetcatalog; path = Assets.xcassets; sourceTree = "<group>"; };
		5CE8FEDB229EA2A6002AC046 /* Base */ = {isa = PBXFileReference; lastKnownFileType = file.xib; name = Base; path = Base.lproj/MainMenu.xib; sourceTree = "<group>"; };
		5CE8FEDD229EA2A6002AC046 /* Info.plist */ = {isa = PBXFileReference; lastKnownFileType = text.plist.xml; path = Info.plist; sourceTree = "<group>"; };
		5CE8FEDE229EA2A6002AC046 /* main.m */ = {isa = PBXFileReference; lastKnownFileType = sourcecode.c.objc; path = main.m; sourceTree = "<group>"; };
		5CE8FEE0229EA2A6002AC046 /* SimFolder.entitlements */ = {isa = PBXFileReference; lastKnownFileType = text.plist.entitlements; path = SimFolder.entitlements; sourceTree = "<group>"; };
		5CE8FEEA229F9EC7002AC046 /* StatusBar.png */ = {isa = PBXFileReference; lastKnownFileType = image.png; path = StatusBar.png; sourceTree = "<group>"; };
/* End PBXFileReference section */

/* Begin PBXFrameworksBuildPhase section */
		5CE8FECF229EA2A5002AC046 /* Frameworks */ = {
			isa = PBXFrameworksBuildPhase;
			buildActionMask = 2147483647;
			files = (
			);
			runOnlyForDeploymentPostprocessing = 0;
		};
/* End PBXFrameworksBuildPhase section */

/* Begin PBXGroup section */
		5CE8FEC9229EA2A5002AC046 = {
			isa = PBXGroup;
			children = (
				5CE8FED4229EA2A5002AC046 /* SimFolder */,
				5CE8FED3229EA2A5002AC046 /* Products */,
			);
			sourceTree = "<group>";
		};
		5CE8FED3229EA2A5002AC046 /* Products */ = {
			isa = PBXGroup;
			children = (
				5CE8FED2229EA2A5002AC046 /* SimFolder.app */,
			);
			name = Products;
			sourceTree = "<group>";
		};
		5CE8FED4229EA2A5002AC046 /* SimFolder */ = {
			isa = PBXGroup;
			children = (
				5CE8FEEA229F9EC7002AC046 /* StatusBar.png */,
				5CE8FED5229EA2A5002AC046 /* AppDelegate.h */,
				5CE8FED6229EA2A5002AC046 /* AppDelegate.m */,
				5CE8FED8229EA2A6002AC046 /* Assets.xcassets */,
				5CE8FEDA229EA2A6002AC046 /* MainMenu.xib */,
				5CE8FEDD229EA2A6002AC046 /* Info.plist */,
				5CE8FEDE229EA2A6002AC046 /* main.m */,
				5CE8FEE0229EA2A6002AC046 /* SimFolder.entitlements */,
			);
			path = SimFolder;
			sourceTree = "<group>";
		};
/* End PBXGroup section */

/* Begin PBXNativeTarget section */
		5CE8FED1229EA2A5002AC046 /* SimFolder */ = {
			isa = PBXNativeTarget;
			buildConfigurationList = 5CE8FEE3229EA2A6002AC046 /* Build configuration list for PBXNativeTarget "SimFolder" */;
			buildPhases = (
				5CE8FECE229EA2A5002AC046 /* Sources */,
				5CE8FECF229EA2A5002AC046 /* Frameworks */,
				5CE8FED0229EA2A5002AC046 /* Resources */,
			);
			buildRules = (
			);
			dependencies = (
			);
			name = SimFolder;
			productName = SimFolder;
			productReference = 5CE8FED2229EA2A5002AC046 /* SimFolder.app */;
			productType = "com.apple.product-type.application";
		};
/* End PBXNativeTarget section */

/* Begin PBXProject section */
		5CE8FECA229EA2A5002AC046 /* Project object */ = {
			isa = PBXProject;
			attributes = {
				LastUpgradeCheck = 1020;
				ORGANIZATIONNAME = sasori;
				TargetAttributes = {
					5CE8FED1229EA2A5002AC046 = {
						CreatedOnToolsVersion = 10.2.1;
					};
				};
			};
			buildConfigurationList = 5CE8FECD229EA2A5002AC046 /* Build configuration list for PBXProject "SimFolder" */;
			compatibilityVersion = "Xcode 9.3";
			developmentRegion = en;
			hasScannedForEncodings = 0;
			knownRegions = (
				en,
				Base,
			);
			mainGroup = 5CE8FEC9229EA2A5002AC046;
			productRefGroup = 5CE8FED3229EA2A5002AC046 /* Products */;
			projectDirPath = "";
			projectRoot = "";
			targets = (
				5CE8FED1229EA2A5002AC046 /* SimFolder */,
			);
		};
/* End PBXProject section */

/* Begin PBXResourcesBuildPhase section */
		5CE8FED0229EA2A5002AC046 /* Resources */ = {
			isa = PBXResourcesBuildPhase;
			buildActionMask = 2147483647;
			files = (
				5CE8FED9229EA2A6002AC046 /* Assets.xcassets in Resources */,
				5CE8FEDC229EA2A6002AC046 /* MainMenu.xib in Resources */,
				5CE8FEEB229F9EC7002AC046 /* StatusBar.png in Resources */,
			);
			runOnlyForDeploymentPostprocessing = 0;
		};
/* End PBXResourcesBuildPhase section */

/* Begin PBXSourcesBuildPhase section */
		5CE8FECE229EA2A5002AC046 /* Sources */ = {
			isa = PBXSourcesBuildPhase;
			buildActionMask = 2147483647;
			files = (
				5CE8FEDF229EA2A6002AC046 /* main.m in Sources */,
				5CE8FED7229EA2A5002AC046 /* AppDelegate.m in Sources */,
			);
			runOnlyForDeploymentPostprocessing = 0;
		};
/* End PBXSourcesBuildPhase section */

/* Begin PBXVariantGroup section */
		5CE8FEDA229EA2A6002AC046 /* MainMenu.xib */ = {
			isa = PBXVariantGroup;
			children = (
				5CE8FEDB229EA2A6002AC046 /* Base */,
			);
			name = MainMenu.xib;
			sourceTree = "<group>";
		};
/* End PBXVariantGroup section */

/* Begin XCBuildConfiguration section */
		5CE8FEE1229EA2A6002AC046 /* Debug */ = {
			isa = XCBuildConfiguration;
			buildSettings = {
				ALWAYS_SEARCH_USER_PATHS = NO;
				CLANG_ANALYZER_NONNULL = YES;
				CLANG_ANALYZER_NUMBER_OBJECT_CONVERSION = YES_AGGRESSIVE;
				CLANG_CXX_LANGUAGE_STANDARD = "gnu++14";
				CLANG_CXX_LIBRARY = "libc++";
				CLANG_ENABLE_MODULES = YES;
				CLANG_ENABLE_OBJC_ARC = YES;
				CLANG_ENABLE_OBJC_WEAK = YES;
				CLANG_WARN_BLOCK_CAPTURE_AUTORELEASING = YES;
				CLANG_WARN_BOOL_CONVERSION = YES;
				CLANG_WARN_COMMA = YES;
				CLANG_WARN_CONSTANT_CONVERSION = YES;
				CLANG_WARN_DEPRECATED_OBJC_IMPLEMENTATIONS = YES;
				CLANG_WARN_DIRECT_OBJC_ISA_USAGE = YES_ERROR;
				CLANG_WARN_DOCUMENTATION_COMMENTS = YES;
				CLANG_WARN_EMPTY_BODY = YES;
				CLANG_WARN_ENUM_CONVERSION = YES;
				CLANG_WARN_INFINITE_RECURSION = YES;
				CLANG_WARN_INT_CONVERSION = YES;
				CLANG_WARN_NON_LITERAL_NULL_CONVERSION = YES;
				CLANG_WARN_OBJC_IMPLICIT_RETAIN_SELF = YES;
				CLANG_WARN_OBJC_LITERAL_CONVERSION = YES;
				CLANG_WARN_OBJC_ROOT_CLASS = YES_ERROR;
				CLANG_WARN_RANGE_LOOP_ANALYSIS = YES;
				CLANG_WARN_STRICT_PROTOTYPES = YES;
				CLANG_WARN_SUSPICIOUS_MOVE = YES;
				CLANG_WARN_UNGUARDED_AVAILABILITY = YES_AGGRESSIVE;
				CLANG_WARN_UNREACHABLE_CODE = YES;
				CLANG_WARN__DUPLICATE_METHOD_MATCH = YES;
				CODE_SIGN_IDENTITY = "-";
				COPY_PHASE_STRIP = NO;
				DEBUG_INFORMATION_FORMAT = dwarf;
				ENABLE_STRICT_OBJC_MSGSEND = YES;
				ENABLE_TESTABILITY = YES;
				GCC_C_LANGUAGE_STANDARD = gnu11;
				GCC_DYNAMIC_NO_PIC = NO;
				GCC_NO_COMMON_BLOCKS = YES;
				GCC_OPTIMIZATION_LEVEL = 0;
				GCC_PREPROCESSOR_DEFINITIONS = (
					"DEBUG=1",
					"$(inherited)",
				);
				GCC_WARN_64_TO_32_BIT_CONVERSION = YES;
				GCC_WARN_ABOUT_RETURN_TYPE = YES_ERROR;
				GCC_WARN_UNDECLARED_SELECTOR = YES;
				GCC_WARN_UNINITIALIZED_AUTOS = YES_AGGRESSIVE;
				GCC_WARN_UNUSED_FUNCTION = YES;
				GCC_WARN_UNUSED_VARIABLE = YES;
				MACOSX_DEPLOYMENT_TARGET = 10.14;
				MTL_ENABLE_DEBUG_INFO = INCLUDE_SOURCE;
				MTL_FAST_MATH = YES;
				ONLY_ACTIVE_ARCH = YES;
				SDKROOT = macosx;
			};
			name = Debug;
		};
		5CE8FEE2229EA2A6002AC046 /* Release */ = {
			isa = XCBuildConfiguration;
			buildSettings = {
				ALWAYS_SEARCH_USER_PATHS = NO;
				CLANG_ANALYZER_NONNULL = YES;
				CLANG_ANALYZER_NUMBER_OBJECT_CONVERSION = YES_AGGRESSIVE;
				CLANG_CXX_LANGUAGE_STANDARD = "gnu++14";
				CLANG_CXX_LIBRARY = "libc++";
				CLANG_ENABLE_MODULES = YES;
				CLANG_ENABLE_OBJC_ARC = YES;
				CLANG_ENABLE_OBJC_WEAK = YES;
				CLANG_WARN_BLOCK_CAPTURE_AUTORELEASING = YES;
				CLANG_WARN_BOOL_CONVERSION = YES;
				CLANG_WARN_COMMA = YES;
				CLANG_WARN_CONSTANT_CONVERSION = YES;
				CLANG_WARN_DEPRECATED_OBJC_IMPLEMENTATIONS = YES;
				CLANG_WARN_DIRECT_OBJC_ISA_USAGE = YES_ERROR;
				CLANG_WARN_DOCUMENTATION_COMMENTS = YES;
				CLANG_WARN_EMPTY_BODY = YES;
				CLANG_WARN_ENUM_CONVERSION = YES;
				CLANG_WARN_INFINITE_RECURSION = YES;
				CLANG_WARN_INT_CONVERSION = YES;
				CLANG_WARN_NON_LITERAL_NULL_CONVERSION = YES;
				CLANG_WARN_OBJC_IMPLICIT_RETAIN_SELF = YES;
				CLANG_WARN_OBJC_LITERAL_CONVERSION = YES;
				CLANG_WARN_OBJC_ROOT_CLASS = YES_ERROR;
				CLANG_WARN_RANGE_LOOP_ANALYSIS = YES;
				CLANG_WARN_STRICT_PROTOTYPES = YES;
				CLANG_WARN_SUSPICIOUS_MOVE = YES;
				CLANG_WARN_UNGUARDED_AVAILABILITY = YES_AGGRESSIVE;
				CLANG_WARN_UNREACHABLE_CODE = YES;
				CLANG_WARN__DUPLICATE_METHOD_MATCH = YES;
				CODE_SIGN_IDENTITY = "-";
				COPY_PHASE_STRIP = NO;
				DEBUG_INFORMATION_FORMAT = "dwarf-with-dsym";
				ENABLE_NS_ASSERTIONS = NO;
				ENABLE_STRICT_OBJC_MSGSEND = YES;
				GCC_C_LANGUAGE_STANDARD = gnu11;
				GCC_NO_COMMON_BLOCKS = YES;
				GCC_WARN_64_TO_32_BIT_CONVERSION = YES;
				GCC_WARN_ABOUT_RETURN_TYPE = YES_ERROR;
				GCC_WARN_UNDECLARED_SELECTOR = YES;
				GCC_WARN_UNINITIALIZED_AUTOS = YES_AGGRESSIVE;
				GCC_WARN_UNUSED_FUNCTION = YES;
				GCC_WARN_UNUSED_VARIABLE = YES;
				MACOSX_DEPLOYMENT_TARGET = 10.14;
				MTL_ENABLE_DEBUG_INFO = NO;
				MTL_FAST_MATH = YES;
				SDKROOT = macosx;
			};
			name = Release;
		};
		5CE8FEE4229EA2A6002AC046 /* Debug */ = {
			isa = XCBuildConfiguration;
			buildSettings = {
				ASSETCATALOG_COMPILER_APPICON_NAME = AppIcon;
				CODE_SIGN_ENTITLEMENTS = SimFolder/SimFolder.entitlements;
				CODE_SIGN_STYLE = Automatic;
				COMBINE_HIDPI_IMAGES = YES;
				INFOPLIST_FILE = SimFolder/Info.plist;
				LD_RUNPATH_SEARCH_PATHS = (
					"$(inherited)",
					"@executable_path/../Frameworks",
				);
				PRODUCT_BUNDLE_IDENTIFIER = com.sasori.SimFolder;
				PRODUCT_NAME = "$(TARGET_NAME)";
			};
			name = Debug;
		};
		5CE8FEE5229EA2A6002AC046 /* Release */ = {
			isa = XCBuildConfiguration;
			buildSettings = {
				ASSETCATALOG_COMPILER_APPICON_NAME = AppIcon;
				CODE_SIGN_ENTITLEMENTS = SimFolder/SimFolder.entitlements;
				CODE_SIGN_STYLE = Automatic;
				COMBINE_HIDPI_IMAGES = YES;
				INFOPLIST_FILE = SimFolder/Info.plist;
				LD_RUNPATH_SEARCH_PATHS = (
					"$(inherited)",
					"@executable_path/../Frameworks",
				);
				PRODUCT_BUNDLE_IDENTIFIER = com.sasori.SimFolder;
				PRODUCT_NAME = "$(TARGET_NAME)";
			};
			name = Release;
		};
/* End XCBuildConfiguration section */

/* Begin XCConfigurationList section */
		5CE8FECD229EA2A5002AC046 /* Build configuration list for PBXProject "SimFolder" */ = {
			isa = XCConfigurationList;
			buildConfigurations = (
				5CE8FEE1229EA2A6002AC046 /* Debug */,
				5CE8FEE2229EA2A6002AC046 /* Release */,
			);
			defaultConfigurationIsVisible = 0;
			defaultConfigurationName = Release;
		};
		5CE8FEE3229EA2A6002AC046 /* Build configuration list for PBXNativeTarget "SimFolder" */ = {
			isa = XCConfigurationList;
			buildConfigurations = (
				5CE8FEE4229EA2A6002AC046 /* Debug */,
				5CE8FEE5229EA2A6002AC046 /* Release */,
			);
			defaultConfigurationIsVisible = 0;
			defaultConfigurationName = Release;
		};
/* End XCConfigurationList section */
	};
	rootObject = 5CE8FECA229EA2A5002AC046 /* Project object */;
}
